
Microsoft Visual Studio Solution File, Format Version 12.00
# Visual Studio 15
VisualStudioVersion = 15.0.28307.539
MinimumVisualStudioVersion = 10.0.40219.1
Project("{8BC9CEB8-8B4A-11D0-8D11-00A0C91BC942}") = "1_A", "1_A\1_A.vcxproj", "{B4D1700D-3326-4710-AEBE-51F089FF7DE6}"
EndProject
Project("{8BC9CEB8-8B4A-11D0-8D11-00A0C91BC942}") = "1_B", "1_B\1_B.vcxproj", "{ACB871C2-B26B-40A4-A0EE-FD585A1C6796}"
EndProject
Project("{8BC9CEB8-8B4A-11D0-8D11-00A0C91BC942}") = "1_C", "1_C\1_C.vcxproj", "{86C27672-919B-450A-9960-F87DD6720472}"
EndProject
Project("{8BC9CEB8-8B4A-11D0-8D11-00A0C91BC942}") = "1_D", "1_D\1_D.vcxproj", "{EAAC230F-1B65-4ABD-B94E-C40C1DE372F7}"
EndProject
Project("{8BC9CEB8-8B4A-11D0-8D11-00A0C91BC942}") = "2_A", "2_A\2_A.vcxproj", "{1D13AE8F-3F5E-412E-ABCB-1990F3710BA3}"
EndProject
Project("{8BC9CEB8-8B4A-11D0-8D11-00A0C91BC942}") = "2_B", "2_C\2_C.vcxproj", "{532A3570-1E39-4BF4-97FE-BB6C9CDF4B28}"
EndProject
Project("{8BC9CEB8-8B4A-11D0-8D11-00A0C91BC942}") = "2C", "2C\2C.vcxproj", "{04FA6B0D-3E74-4919-88D1-6761F64D49AB}"
EndProject
Project("{8BC9CEB8-8B4A-11D0-8D11-00A0C91BC942}") = "3A", "3A\3A.vcxproj", "{B55E6D74-73DD-496A-820E-9E1DAABAD9DA}"
EndProject
Project("{8BC9CEB8-8B4A-11D0-8D11-00A0C91BC942}") = "3B", "3B\3B.vcxproj", "{FE54E340-EB68-4FE8-9667-24B3E5487FFF}"
EndProject
Project("{8BC9CEB8-8B4A-11D0-8D11-00A0C91BC942}") = "3_C", "3_C\3_C.vcxproj", "{4FA5EA98-6C4A-4AC1-9CE7-8C905DED5C32}"
EndProject
Project("{8BC9CEB8-8B4A-11D0-8D11-00A0C91BC942}") = "3_D", "3_D\3_D.vcxproj", "{78AE30A1-5358-45A5-AD11-C52B3CEAC1EC}"
EndProject
Project("{8BC9CEB8-8B4A-11D0-8D11-00A0C91BC942}") = "4A", "4A\4A.vcxproj", "{8EBD2E58-D132-432D-9296-18E031AA352D}"
EndProject
Project("{8BC9CEB8-8B4A-11D0-8D11-00A0C91BC942}") = "4B", "4B\4B.vcxproj", "{438E7493-CFDD-4651-AA9C-D32C8087E61B}"
EndProject
Project("{8BC9CEB8-8B4A-11D0-8D11-00A0C91BC942}") = "4C", "4C\4C.vcxproj", "{E676820C-B393-4E98-ABA2-1A2FE7A4540A}"
EndProject
Project("{8BC9CEB8-8B4A-11D0-8D11-00A0C91BC942}") = "4D", "4D\4D.vcxproj", "{6C4C9287-8214-4F0D-A2EC-9DAF72B662C5}"
EndProject
Project("{8BC9CEB8-8B4A-11D0-8D11-00A0C91BC942}") = "5A", "5A\5A.vcxproj", "{2C8CE39D-5383-4376-9AE1-D3BAB8AE0759}"
EndProject
Project("{8BC9CEB8-8B4A-11D0-8D11-00A0C91BC942}") = "5C", "5C\5C.vcxproj", "{88DE9E86-122E-444C-89F5-EC216BB01804}"
EndProject
Project("{8BC9CEB8-8B4A-11D0-8D11-00A0C91BC942}") = "2D", "2D\2D.vcxproj", "{8FFEF4BA-B988-47AA-94EF-2B5C2F9AFDBF}"
EndProject
Project("{8BC9CEB8-8B4A-11D0-8D11-00A0C91BC942}") = "5_B", "5_B\5_B.vcxproj", "{EB2E391A-2040-4B6B-B1CA-CF9BB7AA761B}"
EndProject
Project("{8BC9CEB8-8B4A-11D0-8D11-00A0C91BC942}") = "6B", "6B\6B.vcxproj", "{E8BA9C5F-57A9-4E10-BD24-013E91DA2F88}"
EndProject
Project("{8BC9CEB8-8B4A-11D0-8D11-00A0C91BC942}") = "6C", "6C\6C.vcxproj", "{70379EE0-A9DE-4DA9-92C0-36B7E9327FE2}"
EndProject
Project("{8BC9CEB8-8B4A-11D0-8D11-00A0C91BC942}") = "6A", "6A\6A.vcxproj", "{101A0C09-4E48-4DE0-9985-BB86492D4D20}"
EndProject
Project("{8BC9CEB8-8B4A-11D0-8D11-00A0C91BC942}") = "5D", "5D\5D.vcxproj", "{6BB24BEE-05D3-4D5F-BB24-A9439EB7926F}"
EndProject
Project("{8BC9CEB8-8B4A-11D0-8D11-00A0C91BC942}") = "6D", "6D\6D.vcxproj", "{CECE4D9A-4428-48D4-B4EC-619CBC46A277}"
EndProject
Project("{8BC9CEB8-8B4A-11D0-8D11-00A0C91BC942}") = "7A", "7A\7A.vcxproj", "{7EBC3CE9-B212-4294-90A5-BB571098C36E}"
EndProject
Project("{8BC9CEB8-8B4A-11D0-8D11-00A0C91BC942}") = "7B", "7B\7B.vcxproj", "{EB20AD35-F588-4958-AF64-048A392B66C9}"
EndProject
Project("{8BC9CEB8-8B4A-11D0-8D11-00A0C91BC942}") = "7C", "7C\7C.vcxproj", "{6C269926-8491-4328-8560-C9D22DB626FB}"
EndProject
Project("{8BC9CEB8-8B4A-11D0-8D11-00A0C91BC942}") = "7D", "7D\7D.vcxproj", "{C443FC47-58B3-4943-B4D1-A023832DB1CD}"
EndProject
Project("{8BC9CEB8-8B4A-11D0-8D11-00A0C91BC942}") = "8A", "8A\8A.vcxproj", "{1D7D9AFF-5A0A-4ABD-999B-CC7065075C4E}"
EndProject
Project("{8BC9CEB8-8B4A-11D0-8D11-00A0C91BC942}") = "8B", "8B\8B.vcxproj", "{93126D59-394E-4500-AE6B-925BF725EB40}"
EndProject
Project("{8BC9CEB8-8B4A-11D0-8D11-00A0C91BC942}") = "8C", "8C\8C.vcxproj", "{2F84496F-7F26-4808-ABDE-A110AEED75AE}"
EndProject
Project("{8BC9CEB8-8B4A-11D0-8D11-00A0C91BC942}") = "9A", "9A\9A.vcxproj", "{C64A8F43-05C0-48D0-85AA-18FB472C51D8}"
EndProject
Project("{8BC9CEB8-8B4A-11D0-8D11-00A0C91BC942}") = "9B", "9B\9B.vcxproj", "{C0582823-F106-4B0E-8B0C-66311A14AE71}"
EndProject
Project("{8BC9CEB8-8B4A-11D0-8D11-00A0C91BC942}") = "9C", "9C\9C.vcxproj", "{D8ACDDAD-8320-43B6-9C91-2006429A428A}"
EndProject
Project("{8BC9CEB8-8B4A-11D0-8D11-00A0C91BC942}") = "10A", "10A\10A.vcxproj", "{FCA8DB55-D63E-4501-94FF-74545396FA24}"
EndProject
Project("{8BC9CEB8-8B4A-11D0-8D11-00A0C91BC942}") = "10C", "10B\10B.vcxproj", "{0BCDDA05-C6A1-4557-9ACA-4523F9A6B64C}"
EndProject
Project("{8BC9CEB8-8B4A-11D0-8D11-00A0C91BC942}") = "10_B", "10_B\10_B.vcxproj", "{308E963E-39BE-490C-9AE6-051429F9B6C1}"
EndProject
Project("{8BC9CEB8-8B4A-11D0-8D11-00A0C91BC942}") = "11A", "11A\11A.vcxproj", "{3BAF9ED5-FF7E-4EEC-84E6-8BD745DB4842}"
EndProject
Project("{8BC9CEB8-8B4A-11D0-8D11-00A0C91BC942}") = "11B", "11B\11B.vcxproj", "{7C956CCC-E619-428C-A130-AAE9C3BE6FE5}"
EndProject
Project("{8BC9CEB8-8B4A-11D0-8D11-00A0C91BC942}") = "11C", "11C\11C.vcxproj", "{EF9C6949-D6CC-43D4-8A46-15ECB26414B6}"
EndProject
Global
	GlobalSection(SolutionConfigurationPlatforms) = preSolution
		Debug|x64 = Debug|x64
		Debug|x86 = Debug|x86
		Release|x64 = Release|x64
		Release|x86 = Release|x86
	EndGlobalSection
	GlobalSection(ProjectConfigurationPlatforms) = postSolution
		{B4D1700D-3326-4710-AEBE-51F089FF7DE6}.Debug|x64.ActiveCfg = Debug|x64
		{B4D1700D-3326-4710-AEBE-51F089FF7DE6}.Debug|x64.Build.0 = Debug|x64
		{B4D1700D-3326-4710-AEBE-51F089FF7DE6}.Debug|x86.ActiveCfg = Debug|Win32
		{B4D1700D-3326-4710-AEBE-51F089FF7DE6}.Debug|x86.Build.0 = Debug|Win32
		{B4D1700D-3326-4710-AEBE-51F089FF7DE6}.Release|x64.ActiveCfg = Release|x64
		{B4D1700D-3326-4710-AEBE-51F089FF7DE6}.Release|x64.Build.0 = Release|x64
		{B4D1700D-3326-4710-AEBE-51F089FF7DE6}.Release|x86.ActiveCfg = Release|Win32
		{B4D1700D-3326-4710-AEBE-51F089FF7DE6}.Release|x86.Build.0 = Release|Win32
		{ACB871C2-B26B-40A4-A0EE-FD585A1C6796}.Debug|x64.ActiveCfg = Debug|x64
		{ACB871C2-B26B-40A4-A0EE-FD585A1C6796}.Debug|x64.Build.0 = Debug|x64
		{ACB871C2-B26B-40A4-A0EE-FD585A1C6796}.Debug|x86.ActiveCfg = Debug|Win32
		{ACB871C2-B26B-40A4-A0EE-FD585A1C6796}.Debug|x86.Build.0 = Debug|Win32
		{ACB871C2-B26B-40A4-A0EE-FD585A1C6796}.Release|x64.ActiveCfg = Release|x64
		{ACB871C2-B26B-40A4-A0EE-FD585A1C6796}.Release|x64.Build.0 = Release|x64
		{ACB871C2-B26B-40A4-A0EE-FD585A1C6796}.Release|x86.ActiveCfg = Release|Win32
		{ACB871C2-B26B-40A4-A0EE-FD585A1C6796}.Release|x86.Build.0 = Release|Win32
		{86C27672-919B-450A-9960-F87DD6720472}.Debug|x64.ActiveCfg = Debug|x64
		{86C27672-919B-450A-9960-F87DD6720472}.Debug|x64.Build.0 = Debug|x64
		{86C27672-919B-450A-9960-F87DD6720472}.Debug|x86.ActiveCfg = Debug|Win32
		{86C27672-919B-450A-9960-F87DD6720472}.Debug|x86.Build.0 = Debug|Win32
		{86C27672-919B-450A-9960-F87DD6720472}.Release|x64.ActiveCfg = Release|x64
		{86C27672-919B-450A-9960-F87DD6720472}.Release|x64.Build.0 = Release|x64
		{86C27672-919B-450A-9960-F87DD6720472}.Release|x86.ActiveCfg = Release|Win32
		{86C27672-919B-450A-9960-F87DD6720472}.Release|x86.Build.0 = Release|Win32
		{EAAC230F-1B65-4ABD-B94E-C40C1DE372F7}.Debug|x64.ActiveCfg = Debug|x64
		{EAAC230F-1B65-4ABD-B94E-C40C1DE372F7}.Debug|x64.Build.0 = Debug|x64
		{EAAC230F-1B65-4ABD-B94E-C40C1DE372F7}.Debug|x86.ActiveCfg = Debug|Win32
		{EAAC230F-1B65-4ABD-B94E-C40C1DE372F7}.Debug|x86.Build.0 = Debug|Win32
		{EAAC230F-1B65-4ABD-B94E-C40C1DE372F7}.Release|x64.ActiveCfg = Release|x64
		{EAAC230F-1B65-4ABD-B94E-C40C1DE372F7}.Release|x64.Build.0 = Release|x64
		{EAAC230F-1B65-4ABD-B94E-C40C1DE372F7}.Release|x86.ActiveCfg = Release|Win32
		{EAAC230F-1B65-4ABD-B94E-C40C1DE372F7}.Release|x86.Build.0 = Release|Win32
		{1D13AE8F-3F5E-412E-ABCB-1990F3710BA3}.Debug|x64.ActiveCfg = Debug|x64
		{1D13AE8F-3F5E-412E-ABCB-1990F3710BA3}.Debug|x64.Build.0 = Debug|x64
		{1D13AE8F-3F5E-412E-ABCB-1990F3710BA3}.Debug|x86.ActiveCfg = Debug|Win32
		{1D13AE8F-3F5E-412E-ABCB-1990F3710BA3}.Debug|x86.Build.0 = Debug|Win32
		{1D13AE8F-3F5E-412E-ABCB-1990F3710BA3}.Release|x64.ActiveCfg = Release|x64
		{1D13AE8F-3F5E-412E-ABCB-1990F3710BA3}.Release|x64.Build.0 = Release|x64
		{1D13AE8F-3F5E-412E-ABCB-1990F3710BA3}.Release|x86.ActiveCfg = Release|Win32
		{1D13AE8F-3F5E-412E-ABCB-1990F3710BA3}.Release|x86.Build.0 = Release|Win32
		{532A3570-1E39-4BF4-97FE-BB6C9CDF4B28}.Debug|x64.ActiveCfg = Debug|x64
		{532A3570-1E39-4BF4-97FE-BB6C9CDF4B28}.Debug|x64.Build.0 = Debug|x64
		{532A3570-1E39-4BF4-97FE-BB6C9CDF4B28}.Debug|x86.ActiveCfg = Debug|Win32
		{532A3570-1E39-4BF4-97FE-BB6C9CDF4B28}.Debug|x86.Build.0 = Debug|Win32
		{532A3570-1E39-4BF4-97FE-BB6C9CDF4B28}.Release|x64.ActiveCfg = Release|x64
		{532A3570-1E39-4BF4-97FE-BB6C9CDF4B28}.Release|x64.Build.0 = Release|x64
		{532A3570-1E39-4BF4-97FE-BB6C9CDF4B28}.Release|x86.ActiveCfg = Release|Win32
		{532A3570-1E39-4BF4-97FE-BB6C9CDF4B28}.Release|x86.Build.0 = Release|Win32
		{04FA6B0D-3E74-4919-88D1-6761F64D49AB}.Debug|x64.ActiveCfg = Debug|x64
		{04FA6B0D-3E74-4919-88D1-6761F64D49AB}.Debug|x64.Build.0 = Debug|x64
		{04FA6B0D-3E74-4919-88D1-6761F64D49AB}.Debug|x86.ActiveCfg = Debug|Win32
		{04FA6B0D-3E74-4919-88D1-6761F64D49AB}.Debug|x86.Build.0 = Debug|Win32
		{04FA6B0D-3E74-4919-88D1-6761F64D49AB}.Release|x64.ActiveCfg = Release|x64
		{04FA6B0D-3E74-4919-88D1-6761F64D49AB}.Release|x64.Build.0 = Release|x64
		{04FA6B0D-3E74-4919-88D1-6761F64D49AB}.Release|x86.ActiveCfg = Release|Win32
		{04FA6B0D-3E74-4919-88D1-6761F64D49AB}.Release|x86.Build.0 = Release|Win32
		{B55E6D74-73DD-496A-820E-9E1DAABAD9DA}.Debug|x64.ActiveCfg = Debug|x64
		{B55E6D74-73DD-496A-820E-9E1DAABAD9DA}.Debug|x64.Build.0 = Debug|x64
		{B55E6D74-73DD-496A-820E-9E1DAABAD9DA}.Debug|x86.ActiveCfg = Debug|Win32
		{B55E6D74-73DD-496A-820E-9E1DAABAD9DA}.Debug|x86.Build.0 = Debug|Win32
		{B55E6D74-73DD-496A-820E-9E1DAABAD9DA}.Release|x64.ActiveCfg = Release|x64
		{B55E6D74-73DD-496A-820E-9E1DAABAD9DA}.Release|x64.Build.0 = Release|x64
		{B55E6D74-73DD-496A-820E-9E1DAABAD9DA}.Release|x86.ActiveCfg = Release|Win32
		{B55E6D74-73DD-496A-820E-9E1DAABAD9DA}.Release|x86.Build.0 = Release|Win32
		{FE54E340-EB68-4FE8-9667-24B3E5487FFF}.Debug|x64.ActiveCfg = Debug|x64
		{FE54E340-EB68-4FE8-9667-24B3E5487FFF}.Debug|x64.Build.0 = Debug|x64
		{FE54E340-EB68-4FE8-9667-24B3E5487FFF}.Debug|x86.ActiveCfg = Debug|Win32
		{FE54E340-EB68-4FE8-9667-24B3E5487FFF}.Debug|x86.Build.0 = Debug|Win32
		{FE54E340-EB68-4FE8-9667-24B3E5487FFF}.Release|x64.ActiveCfg = Release|x64
		{FE54E340-EB68-4FE8-9667-24B3E5487FFF}.Release|x64.Build.0 = Release|x64
		{FE54E340-EB68-4FE8-9667-24B3E5487FFF}.Release|x86.ActiveCfg = Release|Win32
		{FE54E340-EB68-4FE8-9667-24B3E5487FFF}.Release|x86.Build.0 = Release|Win32
		{4FA5EA98-6C4A-4AC1-9CE7-8C905DED5C32}.Debug|x64.ActiveCfg = Debug|x64
		{4FA5EA98-6C4A-4AC1-9CE7-8C905DED5C32}.Debug|x64.Build.0 = Debug|x64
		{4FA5EA98-6C4A-4AC1-9CE7-8C905DED5C32}.Debug|x86.ActiveCfg = Debug|Win32
		{4FA5EA98-6C4A-4AC1-9CE7-8C905DED5C32}.Debug|x86.Build.0 = Debug|Win32
		{4FA5EA98-6C4A-4AC1-9CE7-8C905DED5C32}.Release|x64.ActiveCfg = Release|x64
		{4FA5EA98-6C4A-4AC1-9CE7-8C905DED5C32}.Release|x64.Build.0 = Release|x64
		{4FA5EA98-6C4A-4AC1-9CE7-8C905DED5C32}.Release|x86.ActiveCfg = Release|Win32
		{4FA5EA98-6C4A-4AC1-9CE7-8C905DED5C32}.Release|x86.Build.0 = Release|Win32
		{78AE30A1-5358-45A5-AD11-C52B3CEAC1EC}.Debug|x64.ActiveCfg = Debug|x64
		{78AE30A1-5358-45A5-AD11-C52B3CEAC1EC}.Debug|x64.Build.0 = Debug|x64
		{78AE30A1-5358-45A5-AD11-C52B3CEAC1EC}.Debug|x86.ActiveCfg = Debug|Win32
		{78AE30A1-5358-45A5-AD11-C52B3CEAC1EC}.Debug|x86.Build.0 = Debug|Win32
		{78AE30A1-5358-45A5-AD11-C52B3CEAC1EC}.Release|x64.ActiveCfg = Release|x64
		{78AE30A1-5358-45A5-AD11-C52B3CEAC1EC}.Release|x64.Build.0 = Release|x64
		{78AE30A1-5358-45A5-AD11-C52B3CEAC1EC}.Release|x86.ActiveCfg = Release|Win32
		{78AE30A1-5358-45A5-AD11-C52B3CEAC1EC}.Release|x86.Build.0 = Release|Win32
		{8EBD2E58-D132-432D-9296-18E031AA352D}.Debug|x64.ActiveCfg = Debug|x64
		{8EBD2E58-D132-432D-9296-18E031AA352D}.Debug|x64.Build.0 = Debug|x64
		{8EBD2E58-D132-432D-9296-18E031AA352D}.Debug|x86.ActiveCfg = Debug|Win32
		{8EBD2E58-D132-432D-9296-18E031AA352D}.Debug|x86.Build.0 = Debug|Win32
		{8EBD2E58-D132-432D-9296-18E031AA352D}.Release|x64.ActiveCfg = Release|x64
		{8EBD2E58-D132-432D-9296-18E031AA352D}.Release|x64.Build.0 = Release|x64
		{8EBD2E58-D132-432D-9296-18E031AA352D}.Release|x86.ActiveCfg = Release|Win32
		{8EBD2E58-D132-432D-9296-18E031AA352D}.Release|x86.Build.0 = Release|Win32
		{438E7493-CFDD-4651-AA9C-D32C8087E61B}.Debug|x64.ActiveCfg = Debug|x64
		{438E7493-CFDD-4651-AA9C-D32C8087E61B}.Debug|x64.Build.0 = Debug|x64
		{438E7493-CFDD-4651-AA9C-D32C8087E61B}.Debug|x86.ActiveCfg = Debug|Win32
		{438E7493-CFDD-4651-AA9C-D32C8087E61B}.Debug|x86.Build.0 = Debug|Win32
		{438E7493-CFDD-4651-AA9C-D32C8087E61B}.Release|x64.ActiveCfg = Release|x64
		{438E7493-CFDD-4651-AA9C-D32C8087E61B}.Release|x64.Build.0 = Release|x64
		{438E7493-CFDD-4651-AA9C-D32C8087E61B}.Release|x86.ActiveCfg = Release|Win32
		{438E7493-CFDD-4651-AA9C-D32C8087E61B}.Release|x86.Build.0 = Release|Win32
		{E676820C-B393-4E98-ABA2-1A2FE7A4540A}.Debug|x64.ActiveCfg = Debug|x64
		{E676820C-B393-4E98-ABA2-1A2FE7A4540A}.Debug|x64.Build.0 = Debug|x64
		{E676820C-B393-4E98-ABA2-1A2FE7A4540A}.Debug|x86.ActiveCfg = Debug|Win32
		{E676820C-B393-4E98-ABA2-1A2FE7A4540A}.Debug|x86.Build.0 = Debug|Win32
		{E676820C-B393-4E98-ABA2-1A2FE7A4540A}.Release|x64.ActiveCfg = Release|x64
		{E676820C-B393-4E98-ABA2-1A2FE7A4540A}.Release|x64.Build.0 = Release|x64
		{E676820C-B393-4E98-ABA2-1A2FE7A4540A}.Release|x86.ActiveCfg = Release|Win32
		{E676820C-B393-4E98-ABA2-1A2FE7A4540A}.Release|x86.Build.0 = Release|Win32
		{6C4C9287-8214-4F0D-A2EC-9DAF72B662C5}.Debug|x64.ActiveCfg = Debug|x64
		{6C4C9287-8214-4F0D-A2EC-9DAF72B662C5}.Debug|x64.Build.0 = Debug|x64
		{6C4C9287-8214-4F0D-A2EC-9DAF72B662C5}.Debug|x86.ActiveCfg = Debug|Win32
		{6C4C9287-8214-4F0D-A2EC-9DAF72B662C5}.Debug|x86.Build.0 = Debug|Win32
		{6C4C9287-8214-4F0D-A2EC-9DAF72B662C5}.Release|x64.ActiveCfg = Release|x64
		{6C4C9287-8214-4F0D-A2EC-9DAF72B662C5}.Release|x64.Build.0 = Release|x64
		{6C4C9287-8214-4F0D-A2EC-9DAF72B662C5}.Release|x86.ActiveCfg = Release|Win32
		{6C4C9287-8214-4F0D-A2EC-9DAF72B662C5}.Release|x86.Build.0 = Release|Win32
		{2C8CE39D-5383-4376-9AE1-D3BAB8AE0759}.Debug|x64.ActiveCfg = Debug|x64
		{2C8CE39D-5383-4376-9AE1-D3BAB8AE0759}.Debug|x64.Build.0 = Debug|x64
		{2C8CE39D-5383-4376-9AE1-D3BAB8AE0759}.Debug|x86.ActiveCfg = Debug|Win32
		{2C8CE39D-5383-4376-9AE1-D3BAB8AE0759}.Debug|x86.Build.0 = Debug|Win32
		{2C8CE39D-5383-4376-9AE1-D3BAB8AE0759}.Release|x64.ActiveCfg = Release|x64
		{2C8CE39D-5383-4376-9AE1-D3BAB8AE0759}.Release|x64.Build.0 = Release|x64
		{2C8CE39D-5383-4376-9AE1-D3BAB8AE0759}.Release|x86.ActiveCfg = Release|Win32
		{2C8CE39D-5383-4376-9AE1-D3BAB8AE0759}.Release|x86.Build.0 = Release|Win32
		{88DE9E86-122E-444C-89F5-EC216BB01804}.Debug|x64.ActiveCfg = Debug|x64
		{88DE9E86-122E-444C-89F5-EC216BB01804}.Debug|x64.Build.0 = Debug|x64
		{88DE9E86-122E-444C-89F5-EC216BB01804}.Debug|x86.ActiveCfg = Debug|Win32
		{88DE9E86-122E-444C-89F5-EC216BB01804}.Debug|x86.Build.0 = Debug|Win32
		{88DE9E86-122E-444C-89F5-EC216BB01804}.Release|x64.ActiveCfg = Release|x64
		{88DE9E86-122E-444C-89F5-EC216BB01804}.Release|x64.Build.0 = Release|x64
		{88DE9E86-122E-444C-89F5-EC216BB01804}.Release|x86.ActiveCfg = Release|Win32
		{88DE9E86-122E-444C-89F5-EC216BB01804}.Release|x86.Build.0 = Release|Win32
		{8FFEF4BA-B988-47AA-94EF-2B5C2F9AFDBF}.Debug|x64.ActiveCfg = Debug|x64
		{8FFEF4BA-B988-47AA-94EF-2B5C2F9AFDBF}.Debug|x64.Build.0 = Debug|x64
		{8FFEF4BA-B988-47AA-94EF-2B5C2F9AFDBF}.Debug|x86.ActiveCfg = Debug|Win32
		{8FFEF4BA-B988-47AA-94EF-2B5C2F9AFDBF}.Debug|x86.Build.0 = Debug|Win32
		{8FFEF4BA-B988-47AA-94EF-2B5C2F9AFDBF}.Release|x64.ActiveCfg = Release|x64
		{8FFEF4BA-B988-47AA-94EF-2B5C2F9AFDBF}.Release|x64.Build.0 = Release|x64
		{8FFEF4BA-B988-47AA-94EF-2B5C2F9AFDBF}.Release|x86.ActiveCfg = Release|Win32
		{8FFEF4BA-B988-47AA-94EF-2B5C2F9AFDBF}.Release|x86.Build.0 = Release|Win32
		{EB2E391A-2040-4B6B-B1CA-CF9BB7AA761B}.Debug|x64.ActiveCfg = Debug|x64
		{EB2E391A-2040-4B6B-B1CA-CF9BB7AA761B}.Debug|x64.Build.0 = Debug|x64
		{EB2E391A-2040-4B6B-B1CA-CF9BB7AA761B}.Debug|x86.ActiveCfg = Debug|Win32
		{EB2E391A-2040-4B6B-B1CA-CF9BB7AA761B}.Debug|x86.Build.0 = Debug|Win32
		{EB2E391A-2040-4B6B-B1CA-CF9BB7AA761B}.Release|x64.ActiveCfg = Release|x64
		{EB2E391A-2040-4B6B-B1CA-CF9BB7AA761B}.Release|x64.Build.0 = Release|x64
		{EB2E391A-2040-4B6B-B1CA-CF9BB7AA761B}.Release|x86.ActiveCfg = Release|Win32
		{EB2E391A-2040-4B6B-B1CA-CF9BB7AA761B}.Release|x86.Build.0 = Release|Win32
		{E8BA9C5F-57A9-4E10-BD24-013E91DA2F88}.Debug|x64.ActiveCfg = Debug|x64
		{E8BA9C5F-57A9-4E10-BD24-013E91DA2F88}.Debug|x64.Build.0 = Debug|x64
		{E8BA9C5F-57A9-4E10-BD24-013E91DA2F88}.Debug|x86.ActiveCfg = Debug|Win32
		{E8BA9C5F-57A9-4E10-BD24-013E91DA2F88}.Debug|x86.Build.0 = Debug|Win32
		{E8BA9C5F-57A9-4E10-BD24-013E91DA2F88}.Release|x64.ActiveCfg = Release|x64
		{E8BA9C5F-57A9-4E10-BD24-013E91DA2F88}.Release|x64.Build.0 = Release|x64
		{E8BA9C5F-57A9-4E10-BD24-013E91DA2F88}.Release|x86.ActiveCfg = Release|Win32
		{E8BA9C5F-57A9-4E10-BD24-013E91DA2F88}.Release|x86.Build.0 = Release|Win32
		{70379EE0-A9DE-4DA9-92C0-36B7E9327FE2}.Debug|x64.ActiveCfg = Debug|x64
		{70379EE0-A9DE-4DA9-92C0-36B7E9327FE2}.Debug|x64.Build.0 = Debug|x64
		{70379EE0-A9DE-4DA9-92C0-36B7E9327FE2}.Debug|x86.ActiveCfg = Debug|Win32
		{70379EE0-A9DE-4DA9-92C0-36B7E9327FE2}.Debug|x86.Build.0 = Debug|Win32
		{70379EE0-A9DE-4DA9-92C0-36B7E9327FE2}.Release|x64.ActiveCfg = Release|x64
		{70379EE0-A9DE-4DA9-92C0-36B7E9327FE2}.Release|x64.Build.0 = Release|x64
		{70379EE0-A9DE-4DA9-92C0-36B7E9327FE2}.Release|x86.ActiveCfg = Release|Win32
		{70379EE0-A9DE-4DA9-92C0-36B7E9327FE2}.Release|x86.Build.0 = Release|Win32
		{101A0C09-4E48-4DE0-9985-BB86492D4D20}.Debug|x64.ActiveCfg = Debug|x64
		{101A0C09-4E48-4DE0-9985-BB86492D4D20}.Debug|x64.Build.0 = Debug|x64
		{101A0C09-4E48-4DE0-9985-BB86492D4D20}.Debug|x86.ActiveCfg = Debug|Win32
		{101A0C09-4E48-4DE0-9985-BB86492D4D20}.Debug|x86.Build.0 = Debug|Win32
		{101A0C09-4E48-4DE0-9985-BB86492D4D20}.Release|x64.ActiveCfg = Release|x64
		{101A0C09-4E48-4DE0-9985-BB86492D4D20}.Release|x64.Build.0 = Release|x64
		{101A0C09-4E48-4DE0-9985-BB86492D4D20}.Release|x86.ActiveCfg = Release|Win32
		{101A0C09-4E48-4DE0-9985-BB86492D4D20}.Release|x86.Build.0 = Release|Win32
		{6BB24BEE-05D3-4D5F-BB24-A9439EB7926F}.Debug|x64.ActiveCfg = Debug|x64
		{6BB24BEE-05D3-4D5F-BB24-A9439EB7926F}.Debug|x64.Build.0 = Debug|x64
		{6BB24BEE-05D3-4D5F-BB24-A9439EB7926F}.Debug|x86.ActiveCfg = Debug|Win32
		{6BB24BEE-05D3-4D5F-BB24-A9439EB7926F}.Debug|x86.Build.0 = Debug|Win32
		{6BB24BEE-05D3-4D5F-BB24-A9439EB7926F}.Release|x64.ActiveCfg = Release|x64
		{6BB24BEE-05D3-4D5F-BB24-A9439EB7926F}.Release|x64.Build.0 = Release|x64
		{6BB24BEE-05D3-4D5F-BB24-A9439EB7926F}.Release|x86.ActiveCfg = Release|Win32
		{6BB24BEE-05D3-4D5F-BB24-A9439EB7926F}.Release|x86.Build.0 = Release|Win32
		{CECE4D9A-4428-48D4-B4EC-619CBC46A277}.Debug|x64.ActiveCfg = Debug|x64
		{CECE4D9A-4428-48D4-B4EC-619CBC46A277}.Debug|x64.Build.0 = Debug|x64
		{CECE4D9A-4428-48D4-B4EC-619CBC46A277}.Debug|x86.ActiveCfg = Debug|Win32
		{CECE4D9A-4428-48D4-B4EC-619CBC46A277}.Debug|x86.Build.0 = Debug|Win32
		{CECE4D9A-4428-48D4-B4EC-619CBC46A277}.Release|x64.ActiveCfg = Release|x64
		{CECE4D9A-4428-48D4-B4EC-619CBC46A277}.Release|x64.Build.0 = Release|x64
		{CECE4D9A-4428-48D4-B4EC-619CBC46A277}.Release|x86.ActiveCfg = Release|Win32
		{CECE4D9A-4428-48D4-B4EC-619CBC46A277}.Release|x86.Build.0 = Release|Win32
		{7EBC3CE9-B212-4294-90A5-BB571098C36E}.Debug|x64.ActiveCfg = Debug|x64
		{7EBC3CE9-B212-4294-90A5-BB571098C36E}.Debug|x64.Build.0 = Debug|x64
		{7EBC3CE9-B212-4294-90A5-BB571098C36E}.Debug|x86.ActiveCfg = Debug|Win32
		{7EBC3CE9-B212-4294-90A5-BB571098C36E}.Debug|x86.Build.0 = Debug|Win32
		{7EBC3CE9-B212-4294-90A5-BB571098C36E}.Release|x64.ActiveCfg = Release|x64
		{7EBC3CE9-B212-4294-90A5-BB571098C36E}.Release|x64.Build.0 = Release|x64
		{7EBC3CE9-B212-4294-90A5-BB571098C36E}.Release|x86.ActiveCfg = Release|Win32
		{7EBC3CE9-B212-4294-90A5-BB571098C36E}.Release|x86.Build.0 = Release|Win32
		{EB20AD35-F588-4958-AF64-048A392B66C9}.Debug|x64.ActiveCfg = Debug|x64
		{EB20AD35-F588-4958-AF64-048A392B66C9}.Debug|x64.Build.0 = Debug|x64
		{EB20AD35-F588-4958-AF64-048A392B66C9}.Debug|x86.ActiveCfg = Debug|Win32
		{EB20AD35-F588-4958-AF64-048A392B66C9}.Debug|x86.Build.0 = Debug|Win32
		{EB20AD35-F588-4958-AF64-048A392B66C9}.Release|x64.ActiveCfg = Release|x64
		{EB20AD35-F588-4958-AF64-048A392B66C9}.Release|x64.Build.0 = Release|x64
		{EB20AD35-F588-4958-AF64-048A392B66C9}.Release|x86.ActiveCfg = Release|Win32
		{EB20AD35-F588-4958-AF64-048A392B66C9}.Release|x86.Build.0 = Release|Win32
		{6C269926-8491-4328-8560-C9D22DB626FB}.Debug|x64.ActiveCfg = Debug|x64
		{6C269926-8491-4328-8560-C9D22DB626FB}.Debug|x64.Build.0 = Debug|x64
		{6C269926-8491-4328-8560-C9D22DB626FB}.Debug|x86.ActiveCfg = Debug|Win32
		{6C269926-8491-4328-8560-C9D22DB626FB}.Debug|x86.Build.0 = Debug|Win32
		{6C269926-8491-4328-8560-C9D22DB626FB}.Release|x64.ActiveCfg = Release|x64
		{6C269926-8491-4328-8560-C9D22DB626FB}.Release|x64.Build.0 = Release|x64
		{6C269926-8491-4328-8560-C9D22DB626FB}.Release|x86.ActiveCfg = Release|Win32
		{6C269926-8491-4328-8560-C9D22DB626FB}.Release|x86.Build.0 = Release|Win32
		{C443FC47-58B3-4943-B4D1-A023832DB1CD}.Debug|x64.ActiveCfg = Debug|x64
		{C443FC47-58B3-4943-B4D1-A023832DB1CD}.Debug|x64.Build.0 = Debug|x64
		{C443FC47-58B3-4943-B4D1-A023832DB1CD}.Debug|x86.ActiveCfg = Debug|Win32
		{C443FC47-58B3-4943-B4D1-A023832DB1CD}.Debug|x86.Build.0 = Debug|Win32
		{C443FC47-58B3-4943-B4D1-A023832DB1CD}.Release|x64.ActiveCfg = Release|x64
		{C443FC47-58B3-4943-B4D1-A023832DB1CD}.Release|x64.Build.0 = Release|x64
		{C443FC47-58B3-4943-B4D1-A023832DB1CD}.Release|x86.ActiveCfg = Release|Win32
		{C443FC47-58B3-4943-B4D1-A023832DB1CD}.Release|x86.Build.0 = Release|Win32
		{1D7D9AFF-5A0A-4ABD-999B-CC7065075C4E}.Debug|x64.ActiveCfg = Debug|x64
		{1D7D9AFF-5A0A-4ABD-999B-CC7065075C4E}.Debug|x64.Build.0 = Debug|x64
		{1D7D9AFF-5A0A-4ABD-999B-CC7065075C4E}.Debug|x86.ActiveCfg = Debug|Win32
		{1D7D9AFF-5A0A-4ABD-999B-CC7065075C4E}.Debug|x86.Build.0 = Debug|Win32
		{1D7D9AFF-5A0A-4ABD-999B-CC7065075C4E}.Release|x64.ActiveCfg = Release|x64
		{1D7D9AFF-5A0A-4ABD-999B-CC7065075C4E}.Release|x64.Build.0 = Release|x64
		{1D7D9AFF-5A0A-4ABD-999B-CC7065075C4E}.Release|x86.ActiveCfg = Release|Win32
		{1D7D9AFF-5A0A-4ABD-999B-CC7065075C4E}.Release|x86.Build.0 = Release|Win32
		{93126D59-394E-4500-AE6B-925BF725EB40}.Debug|x64.ActiveCfg = Debug|x64
		{93126D59-394E-4500-AE6B-925BF725EB40}.Debug|x64.Build.0 = Debug|x64
		{93126D59-394E-4500-AE6B-925BF725EB40}.Debug|x86.ActiveCfg = Debug|Win32
		{93126D59-394E-4500-AE6B-925BF725EB40}.Debug|x86.Build.0 = Debug|Win32
		{93126D59-394E-4500-AE6B-925BF725EB40}.Release|x64.ActiveCfg = Release|x64
		{93126D59-394E-4500-AE6B-925BF725EB40}.Release|x64.Build.0 = Release|x64
		{93126D59-394E-4500-AE6B-925BF725EB40}.Release|x86.ActiveCfg = Release|Win32
		{93126D59-394E-4500-AE6B-925BF725EB40}.Release|x86.Build.0 = Release|Win32
		{2F84496F-7F26-4808-ABDE-A110AEED75AE}.Debug|x64.ActiveCfg = Debug|x64
		{2F84496F-7F26-4808-ABDE-A110AEED75AE}.Debug|x64.Build.0 = Debug|x64
		{2F84496F-7F26-4808-ABDE-A110AEED75AE}.Debug|x86.ActiveCfg = Debug|Win32
		{2F84496F-7F26-4808-ABDE-A110AEED75AE}.Debug|x86.Build.0 = Debug|Win32
		{2F84496F-7F26-4808-ABDE-A110AEED75AE}.Release|x64.ActiveCfg = Release|x64
		{2F84496F-7F26-4808-ABDE-A110AEED75AE}.Release|x64.Build.0 = Release|x64
		{2F84496F-7F26-4808-ABDE-A110AEED75AE}.Release|x86.ActiveCfg = Release|Win32
		{2F84496F-7F26-4808-ABDE-A110AEED75AE}.Release|x86.Build.0 = Release|Win32
		{C64A8F43-05C0-48D0-85AA-18FB472C51D8}.Debug|x64.ActiveCfg = Debug|x64
		{C64A8F43-05C0-48D0-85AA-18FB472C51D8}.Debug|x64.Build.0 = Debug|x64
		{C64A8F43-05C0-48D0-85AA-18FB472C51D8}.Debug|x86.ActiveCfg = Debug|Win32
		{C64A8F43-05C0-48D0-85AA-18FB472C51D8}.Debug|x86.Build.0 = Debug|Win32
		{C64A8F43-05C0-48D0-85AA-18FB472C51D8}.Release|x64.ActiveCfg = Release|x64
		{C64A8F43-05C0-48D0-85AA-18FB472C51D8}.Release|x64.Build.0 = Release|x64
		{C64A8F43-05C0-48D0-85AA-18FB472C51D8}.Release|x86.ActiveCfg = Release|Win32
		{C64A8F43-05C0-48D0-85AA-18FB472C51D8}.Release|x86.Build.0 = Release|Win32
		{C0582823-F106-4B0E-8B0C-66311A14AE71}.Debug|x64.ActiveCfg = Debug|x64
		{C0582823-F106-4B0E-8B0C-66311A14AE71}.Debug|x64.Build.0 = Debug|x64
		{C0582823-F106-4B0E-8B0C-66311A14AE71}.Debug|x86.ActiveCfg = Debug|Win32
		{C0582823-F106-4B0E-8B0C-66311A14AE71}.Debug|x86.Build.0 = Debug|Win32
		{C0582823-F106-4B0E-8B0C-66311A14AE71}.Release|x64.ActiveCfg = Release|x64
		{C0582823-F106-4B0E-8B0C-66311A14AE71}.Release|x64.Build.0 = Release|x64
		{C0582823-F106-4B0E-8B0C-66311A14AE71}.Release|x86.ActiveCfg = Release|Win32
		{C0582823-F106-4B0E-8B0C-66311A14AE71}.Release|x86.Build.0 = Release|Win32
		{D8ACDDAD-8320-43B6-9C91-2006429A428A}.Debug|x64.ActiveCfg = Debug|x64
		{D8ACDDAD-8320-43B6-9C91-2006429A428A}.Debug|x64.Build.0 = Debug|x64
		{D8ACDDAD-8320-43B6-9C91-2006429A428A}.Debug|x86.ActiveCfg = Debug|Win32
		{D8ACDDAD-8320-43B6-9C91-2006429A428A}.Debug|x86.Build.0 = Debug|Win32
		{D8ACDDAD-8320-43B6-9C91-2006429A428A}.Release|x64.ActiveCfg = Release|x64
		{D8ACDDAD-8320-43B6-9C91-2006429A428A}.Release|x64.Build.0 = Release|x64
		{D8ACDDAD-8320-43B6-9C91-2006429A428A}.Release|x86.ActiveCfg = Release|Win32
		{D8ACDDAD-8320-43B6-9C91-2006429A428A}.Release|x86.Build.0 = Release|Win32
		{FCA8DB55-D63E-4501-94FF-74545396FA24}.Debug|x64.ActiveCfg = Debug|x64
		{FCA8DB55-D63E-4501-94FF-74545396FA24}.Debug|x64.Build.0 = Debug|x64
		{FCA8DB55-D63E-4501-94FF-74545396FA24}.Debug|x86.ActiveCfg = Debug|Win32
		{FCA8DB55-D63E-4501-94FF-74545396FA24}.Debug|x86.Build.0 = Debug|Win32
		{FCA8DB55-D63E-4501-94FF-74545396FA24}.Release|x64.ActiveCfg = Release|x64
		{FCA8DB55-D63E-4501-94FF-74545396FA24}.Release|x64.Build.0 = Release|x64
		{FCA8DB55-D63E-4501-94FF-74545396FA24}.Release|x86.ActiveCfg = Release|Win32
		{FCA8DB55-D63E-4501-94FF-74545396FA24}.Release|x86.Build.0 = Release|Win32
		{0BCDDA05-C6A1-4557-9ACA-4523F9A6B64C}.Debug|x64.ActiveCfg = Debug|x64
		{0BCDDA05-C6A1-4557-9ACA-4523F9A6B64C}.Debug|x64.Build.0 = Debug|x64
		{0BCDDA05-C6A1-4557-9ACA-4523F9A6B64C}.Debug|x86.ActiveCfg = Debug|Win32
		{0BCDDA05-C6A1-4557-9ACA-4523F9A6B64C}.Debug|x86.Build.0 = Debug|Win32
		{0BCDDA05-C6A1-4557-9ACA-4523F9A6B64C}.Release|x64.ActiveCfg = Release|x64
		{0BCDDA05-C6A1-4557-9ACA-4523F9A6B64C}.Release|x64.Build.0 = Release|x64
		{0BCDDA05-C6A1-4557-9ACA-4523F9A6B64C}.Release|x86.ActiveCfg = Release|Win32
		{0BCDDA05-C6A1-4557-9ACA-4523F9A6B64C}.Release|x86.Build.0 = Release|Win32
		{308E963E-39BE-490C-9AE6-051429F9B6C1}.Debug|x64.ActiveCfg = Debug|x64
		{308E963E-39BE-490C-9AE6-051429F9B6C1}.Debug|x64.Build.0 = Debug|x64
		{308E963E-39BE-490C-9AE6-051429F9B6C1}.Debug|x86.ActiveCfg = Debug|Win32
		{308E963E-39BE-490C-9AE6-051429F9B6C1}.Debug|x86.Build.0 = Debug|Win32
		{308E963E-39BE-490C-9AE6-051429F9B6C1}.Release|x64.ActiveCfg = Release|x64
		{308E963E-39BE-490C-9AE6-051429F9B6C1}.Release|x64.Build.0 = Release|x64
		{308E963E-39BE-490C-9AE6-051429F9B6C1}.Release|x86.ActiveCfg = Release|Win32
		{308E963E-39BE-490C-9AE6-051429F9B6C1}.Release|x86.Build.0 = Release|Win32
		{3BAF9ED5-FF7E-4EEC-84E6-8BD745DB4842}.Debug|x64.ActiveCfg = Debug|x64
		{3BAF9ED5-FF7E-4EEC-84E6-8BD745DB4842}.Debug|x64.Build.0 = Debug|x64
		{3BAF9ED5-FF7E-4EEC-84E6-8BD745DB4842}.Debug|x86.ActiveCfg = Debug|Win32
		{3BAF9ED5-FF7E-4EEC-84E6-8BD745DB4842}.Debug|x86.Build.0 = Debug|Win32
		{3BAF9ED5-FF7E-4EEC-84E6-8BD745DB4842}.Release|x64.ActiveCfg = Release|x64
		{3BAF9ED5-FF7E-4EEC-84E6-8BD745DB4842}.Release|x64.Build.0 = Release|x64
		{3BAF9ED5-FF7E-4EEC-84E6-8BD745DB4842}.Release|x86.ActiveCfg = Release|Win32
		{3BAF9ED5-FF7E-4EEC-84E6-8BD745DB4842}.Release|x86.Build.0 = Release|Win32
		{7C956CCC-E619-428C-A130-AAE9C3BE6FE5}.Debug|x64.ActiveCfg = Debug|x64
		{7C956CCC-E619-428C-A130-AAE9C3BE6FE5}.Debug|x64.Build.0 = Debug|x64
		{7C956CCC-E619-428C-A130-AAE9C3BE6FE5}.Debug|x86.ActiveCfg = Debug|Win32
		{7C956CCC-E619-428C-A130-AAE9C3BE6FE5}.Debug|x86.Build.0 = Debug|Win32
		{7C956CCC-E619-428C-A130-AAE9C3BE6FE5}.Release|x64.ActiveCfg = Release|x64
		{7C956CCC-E619-428C-A130-AAE9C3BE6FE5}.Release|x64.Build.0 = Release|x64
		{7C956CCC-E619-428C-A130-AAE9C3BE6FE5}.Release|x86.ActiveCfg = Release|Win32
		{7C956CCC-E619-428C-A130-AAE9C3BE6FE5}.Release|x86.Build.0 = Release|Win32
		{EF9C6949-D6CC-43D4-8A46-15ECB26414B6}.Debug|x64.ActiveCfg = Debug|x64
		{EF9C6949-D6CC-43D4-8A46-15ECB26414B6}.Debug|x64.Build.0 = Debug|x64
		{EF9C6949-D6CC-43D4-8A46-15ECB26414B6}.Debug|x86.ActiveCfg = Debug|Win32
		{EF9C6949-D6CC-43D4-8A46-15ECB26414B6}.Debug|x86.Build.0 = Debug|Win32
		{EF9C6949-D6CC-43D4-8A46-15ECB26414B6}.Release|x64.ActiveCfg = Release|x64
		{EF9C6949-D6CC-43D4-8A46-15ECB26414B6}.Release|x64.Build.0 = Release|x64
		{EF9C6949-D6CC-43D4-8A46-15ECB26414B6}.Release|x86.ActiveCfg = Release|Win32
		{EF9C6949-D6CC-43D4-8A46-15ECB26414B6}.Release|x86.Build.0 = Release|Win32
	EndGlobalSection
	GlobalSection(SolutionProperties) = preSolution
		HideSolutionNode = FALSE
	EndGlobalSection
	GlobalSection(ExtensibilityGlobals) = postSolution
		SolutionGuid = {9DA09895-F7FF-41D0-9F67-00668B188940}
	EndGlobalSection
EndGlobal
