
Microsoft Visual Studio Solution File, Format Version 12.00
# Visual Studio 15
VisualStudioVersion = 15.0.28307.539
MinimumVisualStudioVersion = 10.0.40219.1
Project("{8BC9CEB8-8B4A-11D0-8D11-00A0C91BC942}") = "1_A", "1_A\1_A.vcxproj", "{B4D1700D-3326-4710-AEBE-51F089FF7DE6}"
EndProject
Project("{8BC9CEB8-8B4A-11D0-8D11-00A0C91BC942}") = "1_B", "1_B\1_B.vcxproj", "{ACB871C2-B26B-40A4-A0EE-FD585A1C6796}"
EndProject
Project("{8BC9CEB8-8B4A-11D0-8D11-00A0C91BC942}") = "1_C", "1_C\1_C.vcxproj", "{86C27672-919B-450A-9960-F87DD6720472}"
EndProject
Project("{8BC9CEB8-8B4A-11D0-8D11-00A0C91BC942}") = "1_D", "1_D\1_D.vcxproj", "{EAAC230F-1B65-4ABD-B94E-C40C1DE372F7}"
EndProject
Project("{8BC9CEB8-8B4A-11D0-8D11-00A0C91BC942}") = "2_A", "2_A\2_A.vcxproj", "{1D13AE8F-3F5E-412E-ABCB-1990F3710BA3}"
EndProject
Project("{8BC9CEB8-8B4A-11D0-8D11-00A0C91BC942}") = "2_B", "2_C\2_C.vcxproj", "{532A3570-1E39-4BF4-97FE-BB6C9CDF4B28}"
EndProject
Project("{8BC9CEB8-8B4A-11D0-8D11-00A0C91BC942}") = "2C", "2C\2C.vcxproj", "{04FA6B0D-3E74-4919-88D1-6761F64D49AB}"
EndProject
Project("{8BC9CEB8-8B4A-11D0-8D11-00A0C91BC942}") = "3A", "3A\3A.vcxproj", "{B55E6D74-73DD-496A-820E-9E1DAABAD9DA}"
EndProject
Project("{8BC9CEB8-8B4A-11D0-8D11-00A0C91BC942}") = "3B", "3B\3B.vcxproj", "{FE54E340-EB68-4FE8-9667-24B3E5487FFF}"
EndProject
Project("{8BC9CEB8-8B4A-11D0-8D11-00A0C91BC942}") = "3_C", "3_C\3_C.vcxproj", "{4FA5EA98-6C4A-4AC1-9CE7-8C905DED5C32}"
EndProject
Global
	GlobalSection(SolutionConfigurationPlatforms) = preSolution
		Debug|x64 = Debug|x64
		Debug|x86 = Debug|x86
		Release|x64 = Release|x64
		Release|x86 = Release|x86
	EndGlobalSection
	GlobalSection(ProjectConfigurationPlatforms) = postSolution
		{B4D1700D-3326-4710-AEBE-51F089FF7DE6}.Debug|x64.ActiveCfg = Debug|x64
		{B4D1700D-3326-4710-AEBE-51F089FF7DE6}.Debug|x64.Build.0 = Debug|x64
		{B4D1700D-3326-4710-AEBE-51F089FF7DE6}.Debug|x86.ActiveCfg = Debug|Win32
		{B4D1700D-3326-4710-AEBE-51F089FF7DE6}.Debug|x86.Build.0 = Debug|Win32
		{B4D1700D-3326-4710-AEBE-51F089FF7DE6}.Release|x64.ActiveCfg = Release|x64
		{B4D1700D-3326-4710-AEBE-51F089FF7DE6}.Release|x64.Build.0 = Release|x64
		{B4D1700D-3326-4710-AEBE-51F089FF7DE6}.Release|x86.ActiveCfg = Release|Win32
		{B4D1700D-3326-4710-AEBE-51F089FF7DE6}.Release|x86.Build.0 = Release|Win32
		{ACB871C2-B26B-40A4-A0EE-FD585A1C6796}.Debug|x64.ActiveCfg = Debug|x64
		{ACB871C2-B26B-40A4-A0EE-FD585A1C6796}.Debug|x64.Build.0 = Debug|x64
		{ACB871C2-B26B-40A4-A0EE-FD585A1C6796}.Debug|x86.ActiveCfg = Debug|Win32
		{ACB871C2-B26B-40A4-A0EE-FD585A1C6796}.Debug|x86.Build.0 = Debug|Win32
		{ACB871C2-B26B-40A4-A0EE-FD585A1C6796}.Release|x64.ActiveCfg = Release|x64
		{ACB871C2-B26B-40A4-A0EE-FD585A1C6796}.Release|x64.Build.0 = Release|x64
		{ACB871C2-B26B-40A4-A0EE-FD585A1C6796}.Release|x86.ActiveCfg = Release|Win32
		{ACB871C2-B26B-40A4-A0EE-FD585A1C6796}.Release|x86.Build.0 = Release|Win32
		{86C27672-919B-450A-9960-F87DD6720472}.Debug|x64.ActiveCfg = Debug|x64
		{86C27672-919B-450A-9960-F87DD6720472}.Debug|x64.Build.0 = Debug|x64
		{86C27672-919B-450A-9960-F87DD6720472}.Debug|x86.ActiveCfg = Debug|Win32
		{86C27672-919B-450A-9960-F87DD6720472}.Debug|x86.Build.0 = Debug|Win32
		{86C27672-919B-450A-9960-F87DD6720472}.Release|x64.ActiveCfg = Release|x64
		{86C27672-919B-450A-9960-F87DD6720472}.Release|x64.Build.0 = Release|x64
		{86C27672-919B-450A-9960-F87DD6720472}.Release|x86.ActiveCfg = Release|Win32
		{86C27672-919B-450A-9960-F87DD6720472}.Release|x86.Build.0 = Release|Win32
		{EAAC230F-1B65-4ABD-B94E-C40C1DE372F7}.Debug|x64.ActiveCfg = Debug|x64
		{EAAC230F-1B65-4ABD-B94E-C40C1DE372F7}.Debug|x64.Build.0 = Debug|x64
		{EAAC230F-1B65-4ABD-B94E-C40C1DE372F7}.Debug|x86.ActiveCfg = Debug|Win32
		{EAAC230F-1B65-4ABD-B94E-C40C1DE372F7}.Debug|x86.Build.0 = Debug|Win32
		{EAAC230F-1B65-4ABD-B94E-C40C1DE372F7}.Release|x64.ActiveCfg = Release|x64
		{EAAC230F-1B65-4ABD-B94E-C40C1DE372F7}.Release|x64.Build.0 = Release|x64
		{EAAC230F-1B65-4ABD-B94E-C40C1DE372F7}.Release|x86.ActiveCfg = Release|Win32
		{EAAC230F-1B65-4ABD-B94E-C40C1DE372F7}.Release|x86.Build.0 = Release|Win32
		{1D13AE8F-3F5E-412E-ABCB-1990F3710BA3}.Debug|x64.ActiveCfg = Debug|x64
		{1D13AE8F-3F5E-412E-ABCB-1990F3710BA3}.Debug|x64.Build.0 = Debug|x64
		{1D13AE8F-3F5E-412E-ABCB-1990F3710BA3}.Debug|x86.ActiveCfg = Debug|Win32
		{1D13AE8F-3F5E-412E-ABCB-1990F3710BA3}.Debug|x86.Build.0 = Debug|Win32
		{1D13AE8F-3F5E-412E-ABCB-1990F3710BA3}.Release|x64.ActiveCfg = Release|x64
		{1D13AE8F-3F5E-412E-ABCB-1990F3710BA3}.Release|x64.Build.0 = Release|x64
		{1D13AE8F-3F5E-412E-ABCB-1990F3710BA3}.Release|x86.ActiveCfg = Release|Win32
		{1D13AE8F-3F5E-412E-ABCB-1990F3710BA3}.Release|x86.Build.0 = Release|Win32
		{532A3570-1E39-4BF4-97FE-BB6C9CDF4B28}.Debug|x64.ActiveCfg = Debug|x64
		{532A3570-1E39-4BF4-97FE-BB6C9CDF4B28}.Debug|x64.Build.0 = Debug|x64
		{532A3570-1E39-4BF4-97FE-BB6C9CDF4B28}.Debug|x86.ActiveCfg = Debug|Win32
		{532A3570-1E39-4BF4-97FE-BB6C9CDF4B28}.Debug|x86.Build.0 = Debug|Win32
		{532A3570-1E39-4BF4-97FE-BB6C9CDF4B28}.Release|x64.ActiveCfg = Release|x64
		{532A3570-1E39-4BF4-97FE-BB6C9CDF4B28}.Release|x64.Build.0 = Release|x64
		{532A3570-1E39-4BF4-97FE-BB6C9CDF4B28}.Release|x86.ActiveCfg = Release|Win32
		{532A3570-1E39-4BF4-97FE-BB6C9CDF4B28}.Release|x86.Build.0 = Release|Win32
		{04FA6B0D-3E74-4919-88D1-6761F64D49AB}.Debug|x64.ActiveCfg = Debug|x64
		{04FA6B0D-3E74-4919-88D1-6761F64D49AB}.Debug|x64.Build.0 = Debug|x64
		{04FA6B0D-3E74-4919-88D1-6761F64D49AB}.Debug|x86.ActiveCfg = Debug|Win32
		{04FA6B0D-3E74-4919-88D1-6761F64D49AB}.Debug|x86.Build.0 = Debug|Win32
		{04FA6B0D-3E74-4919-88D1-6761F64D49AB}.Release|x64.ActiveCfg = Release|x64
		{04FA6B0D-3E74-4919-88D1-6761F64D49AB}.Release|x64.Build.0 = Release|x64
		{04FA6B0D-3E74-4919-88D1-6761F64D49AB}.Release|x86.ActiveCfg = Release|Win32
		{04FA6B0D-3E74-4919-88D1-6761F64D49AB}.Release|x86.Build.0 = Release|Win32
		{B55E6D74-73DD-496A-820E-9E1DAABAD9DA}.Debug|x64.ActiveCfg = Debug|x64
		{B55E6D74-73DD-496A-820E-9E1DAABAD9DA}.Debug|x64.Build.0 = Debug|x64
		{B55E6D74-73DD-496A-820E-9E1DAABAD9DA}.Debug|x86.ActiveCfg = Debug|Win32
		{B55E6D74-73DD-496A-820E-9E1DAABAD9DA}.Debug|x86.Build.0 = Debug|Win32
		{B55E6D74-73DD-496A-820E-9E1DAABAD9DA}.Release|x64.ActiveCfg = Release|x64
		{B55E6D74-73DD-496A-820E-9E1DAABAD9DA}.Release|x64.Build.0 = Release|x64
		{B55E6D74-73DD-496A-820E-9E1DAABAD9DA}.Release|x86.ActiveCfg = Release|Win32
		{B55E6D74-73DD-496A-820E-9E1DAABAD9DA}.Release|x86.Build.0 = Release|Win32
		{FE54E340-EB68-4FE8-9667-24B3E5487FFF}.Debug|x64.ActiveCfg = Debug|x64
		{FE54E340-EB68-4FE8-9667-24B3E5487FFF}.Debug|x64.Build.0 = Debug|x64
		{FE54E340-EB68-4FE8-9667-24B3E5487FFF}.Debug|x86.ActiveCfg = Debug|Win32
		{FE54E340-EB68-4FE8-9667-24B3E5487FFF}.Debug|x86.Build.0 = Debug|Win32
		{FE54E340-EB68-4FE8-9667-24B3E5487FFF}.Release|x64.ActiveCfg = Release|x64
		{FE54E340-EB68-4FE8-9667-24B3E5487FFF}.Release|x64.Build.0 = Release|x64
		{FE54E340-EB68-4FE8-9667-24B3E5487FFF}.Release|x86.ActiveCfg = Release|Win32
		{FE54E340-EB68-4FE8-9667-24B3E5487FFF}.Release|x86.Build.0 = Release|Win32
		{4FA5EA98-6C4A-4AC1-9CE7-8C905DED5C32}.Debug|x64.ActiveCfg = Debug|x64
		{4FA5EA98-6C4A-4AC1-9CE7-8C905DED5C32}.Debug|x64.Build.0 = Debug|x64
		{4FA5EA98-6C4A-4AC1-9CE7-8C905DED5C32}.Debug|x86.ActiveCfg = Debug|Win32
		{4FA5EA98-6C4A-4AC1-9CE7-8C905DED5C32}.Debug|x86.Build.0 = Debug|Win32
		{4FA5EA98-6C4A-4AC1-9CE7-8C905DED5C32}.Release|x64.ActiveCfg = Release|x64
		{4FA5EA98-6C4A-4AC1-9CE7-8C905DED5C32}.Release|x64.Build.0 = Release|x64
		{4FA5EA98-6C4A-4AC1-9CE7-8C905DED5C32}.Release|x86.ActiveCfg = Release|Win32
		{4FA5EA98-6C4A-4AC1-9CE7-8C905DED5C32}.Release|x86.Build.0 = Release|Win32
	EndGlobalSection
	GlobalSection(SolutionProperties) = preSolution
		HideSolutionNode = FALSE
	EndGlobalSection
	GlobalSection(ExtensibilityGlobals) = postSolution
		SolutionGuid = {9DA09895-F7FF-41D0-9F67-00668B188940}
	EndGlobalSection
EndGlobal
